
Microsoft Visual Studio Solution File, Format Version 12.00
# Visual Studio Version 17
VisualStudioVersion = 17.10.35013.160
MinimumVisualStudioVersion = 10.0.40219.1
Project("{9A19103F-16F7-4668-BE54-9A1E7A4F7556}") = "Client.Interface", "Client.Interface\Client.Interface.csproj", "{61F96102-9D23-4A84-9703-4FE35EB182CD}"
	ProjectSection(ProjectDependencies) = postProject
		{E2895E73-6437-4CB2-B61D-F8AE73DC9E22} = {E2895E73-6437-4CB2-B61D-F8AE73DC9E22}
	EndProjectSection
EndProject
Project("{9A19103F-16F7-4668-BE54-9A1E7A4F7556}") = "Client.API", "Client.API\Client.API.csproj", "{E2895E73-6437-4CB2-B61D-F8AE73DC9E22}"
EndProject
Global
	GlobalSection(SolutionConfigurationPlatforms) = preSolution
		Debug|Any CPU = Debug|Any CPU
		Release|Any CPU = Release|Any CPU
	EndGlobalSection
	GlobalSection(ProjectConfigurationPlatforms) = postSolution
		{61F96102-9D23-4A84-9703-4FE35EB182CD}.Debug|Any CPU.ActiveCfg = Debug|Any CPU
		{61F96102-9D23-4A84-9703-4FE35EB182CD}.Debug|Any CPU.Build.0 = Debug|Any CPU
		{61F96102-9D23-4A84-9703-4FE35EB182CD}.Release|Any CPU.ActiveCfg = Release|Any CPU
		{61F96102-9D23-4A84-9703-4FE35EB182CD}.Release|Any CPU.Build.0 = Release|Any CPU
		{E2895E73-6437-4CB2-B61D-F8AE73DC9E22}.Debug|Any CPU.ActiveCfg = Debug|Any CPU
		{E2895E73-6437-4CB2-B61D-F8AE73DC9E22}.Debug|Any CPU.Build.0 = Debug|Any CPU
		{E2895E73-6437-4CB2-B61D-F8AE73DC9E22}.Release|Any CPU.ActiveCfg = Release|Any CPU
		{E2895E73-6437-4CB2-B61D-F8AE73DC9E22}.Release|Any CPU.Build.0 = Release|Any CPU
	EndGlobalSection
	GlobalSection(SolutionProperties) = preSolution
		HideSolutionNode = FALSE
	EndGlobalSection
	GlobalSection(ExtensibilityGlobals) = postSolution
		SolutionGuid = {1665DDB9-FE2D-4D51-BD86-E7C44A173018}
	EndGlobalSection
EndGlobal
